
Microsoft Visual Studio Solution File, Format Version 12.00
# Visual Studio Version 16
VisualStudioVersion = 16.0.29920.165
MinimumVisualStudioVersion = 10.0.40219.1
Project("{FAE04EC0-301F-11D3-BF4B-00C04F79EFBC}") = "WeBooking", "WeBooking\WeBooking.csproj", "{F34469A9-4BB3-4822-8D80-904823C7D766}"
EndProject
Project("{FAE04EC0-301F-11D3-BF4B-00C04F79EFBC}") = "WeBooking.UnitTests", "WeBooking.UnitTests\WeBooking.UnitTests.csproj", "{02A75744-C6A2-4C37-BC8D-24C44F609438}"
EndProject
Global
	GlobalSection(SolutionConfigurationPlatforms) = preSolution
		Debug|Any CPU = Debug|Any CPU
		Release|Any CPU = Release|Any CPU
	EndGlobalSection
	GlobalSection(ProjectConfigurationPlatforms) = postSolution
		{F34469A9-4BB3-4822-8D80-904823C7D766}.Debug|Any CPU.ActiveCfg = Debug|Any CPU
		{F34469A9-4BB3-4822-8D80-904823C7D766}.Debug|Any CPU.Build.0 = Debug|Any CPU
		{F34469A9-4BB3-4822-8D80-904823C7D766}.Release|Any CPU.ActiveCfg = Release|Any CPU
		{F34469A9-4BB3-4822-8D80-904823C7D766}.Release|Any CPU.Build.0 = Release|Any CPU
		{02A75744-C6A2-4C37-BC8D-24C44F609438}.Debug|Any CPU.ActiveCfg = Debug|Any CPU
		{02A75744-C6A2-4C37-BC8D-24C44F609438}.Debug|Any CPU.Build.0 = Debug|Any CPU
		{02A75744-C6A2-4C37-BC8D-24C44F609438}.Release|Any CPU.ActiveCfg = Release|Any CPU
		{02A75744-C6A2-4C37-BC8D-24C44F609438}.Release|Any CPU.Build.0 = Release|Any CPU
	EndGlobalSection
	GlobalSection(SolutionProperties) = preSolution
		HideSolutionNode = FALSE
	EndGlobalSection
	GlobalSection(ExtensibilityGlobals) = postSolution
		SolutionGuid = {FDB44C39-9BB8-4292-9C3B-EA0F7AE67608}
	EndGlobalSection
EndGlobal
